# Prisma Migrate lockfile v1

20200918115901-init
20200918143416-add-user-model
20200921215201-add-formation-model
20200921234703-add-formation-model
20200922120740-rename-values-of-enum-level
20200924130625-add-module-and-class-models
20200924181617-add-classes-and-modules-properties-to-formation-model
20200926122352-use-little-to-teacher-property
20200926133127
20200926133232-remove-modulesonclasses-model